
Microsoft Visual Studio Solution File, Format Version 12.00
# Visual Studio Version 16
VisualStudioVersion = 16.0.29613.14
MinimumVisualStudioVersion = 10.0.40219.1
Project("{9A19103F-16F7-4668-BE54-9A1E7A4F7556}") = "NetstockConsole", "Console\NetstockConsole.csproj", "{2FC9378E-38A8-41DA-A1E8-A7F533366529}"
EndProject
Project("{9A19103F-16F7-4668-BE54-9A1E7A4F7556}") = "OdooService", "Odoo\OdooService.csproj", "{59A3AC3A-9ECF-4B6E-8DEE-0342648B2013}"
EndProject
Project("{9A19103F-16F7-4668-BE54-9A1E7A4F7556}") = "Common", "Common\Common.csproj", "{BE5526BF-B8AB-448E-841F-3994317DACF5}"
EndProject
Global
	GlobalSection(SolutionConfigurationPlatforms) = preSolution
		Debug|Any CPU = Debug|Any CPU
		Release|Any CPU = Release|Any CPU
	EndGlobalSection
	GlobalSection(ProjectConfigurationPlatforms) = postSolution
		{2FC9378E-38A8-41DA-A1E8-A7F533366529}.Debug|Any CPU.ActiveCfg = Debug|Any CPU
		{2FC9378E-38A8-41DA-A1E8-A7F533366529}.Debug|Any CPU.Build.0 = Debug|Any CPU
		{2FC9378E-38A8-41DA-A1E8-A7F533366529}.Release|Any CPU.ActiveCfg = Release|Any CPU
		{2FC9378E-38A8-41DA-A1E8-A7F533366529}.Release|Any CPU.Build.0 = Release|Any CPU
		{59A3AC3A-9ECF-4B6E-8DEE-0342648B2013}.Debug|Any CPU.ActiveCfg = Debug|Any CPU
		{59A3AC3A-9ECF-4B6E-8DEE-0342648B2013}.Debug|Any CPU.Build.0 = Debug|Any CPU
		{59A3AC3A-9ECF-4B6E-8DEE-0342648B2013}.Release|Any CPU.ActiveCfg = Release|Any CPU
		{59A3AC3A-9ECF-4B6E-8DEE-0342648B2013}.Release|Any CPU.Build.0 = Release|Any CPU
		{BE5526BF-B8AB-448E-841F-3994317DACF5}.Debug|Any CPU.ActiveCfg = Debug|Any CPU
		{BE5526BF-B8AB-448E-841F-3994317DACF5}.Debug|Any CPU.Build.0 = Debug|Any CPU
		{BE5526BF-B8AB-448E-841F-3994317DACF5}.Release|Any CPU.ActiveCfg = Release|Any CPU
		{BE5526BF-B8AB-448E-841F-3994317DACF5}.Release|Any CPU.Build.0 = Release|Any CPU
	EndGlobalSection
	GlobalSection(SolutionProperties) = preSolution
		HideSolutionNode = FALSE
	EndGlobalSection
	GlobalSection(ExtensibilityGlobals) = postSolution
		SolutionGuid = {89922871-A777-4D21-8781-5143D1066FEE}
	EndGlobalSection
EndGlobal
